
Microsoft Visual Studio Solution File, Format Version 12.00
# Visual Studio Version 17
VisualStudioVersion = 17.14.36127.28
MinimumVisualStudioVersion = 10.0.40219.1
Project("{2150E333-8FDC-42A3-9474-1A3956D46DE8}") = "Projektmappenelemente", "Projektmappenelemente", "{829B9490-4CCA-40BC-4DD4-7D38DB01FE48}"
	ProjectSection(SolutionItems) = preProject
		.gitattributes = .gitattributes
		.gitignore = .gitignore
		LICENSE.txt = LICENSE.txt
		Links.md = Links.md
		README.md = README.md
		VS Marketplace Vorlage.md = VS Marketplace Vorlage.md
	EndProjectSection
EndProject
Project("{F184B08F-C81C-45F6-A57F-5ABD9991F28F}") = "Attribute", "Attribute\Attribute.vbproj", "{411C55DA-B346-4B5A-A28A-4E5B31F5B0BB}"
EndProject
Project("{F184B08F-C81C-45F6-A57F-5ABD9991F28F}") = "AniGifControl", "AniGifControl\AniGifControl.vbproj", "{68BF9D38-6469-4FA7-877E-A2F9613BCBCA}"
EndProject
Project("{F184B08F-C81C-45F6-A57F-5ABD9991F28F}") = "SchlumpfSoftControls2", "SchlumpfSoftControls2\SchlumpfSoftControls2.vbproj", "{C01B317F-0814-49CD-8F6B-C44C3F952C5B}"
EndProject
Project("{F184B08F-C81C-45F6-A57F-5ABD9991F28F}") = "ColorProgressBarControl", "ColorProgressBarControl\ColorProgressBarControl.vbproj", "{7B106F43-970A-4750-B639-DD65A3E43126}"
EndProject
Project("{F184B08F-C81C-45F6-A57F-5ABD9991F28F}") = "NotifyFormControl", "NotifyFormControl\NotifyFormControl.vbproj", "{229F0D45-6F1B-4705-A176-57D897504A34}"
EndProject
Project("{F184B08F-C81C-45F6-A57F-5ABD9991F28F}") = "TransparentLabelControl", "TransparentLabelControl\TransparentLabelControl.vbproj", "{0AE93122-642B-4C42-B705-1A0B2B277B49}"
EndProject
Project("{F184B08F-C81C-45F6-A57F-5ABD9991F28F}") = "ShapeControl", "ShapeControl\ShapeControl.vbproj", "{D71DDA22-EBEE-4B4D-A0D5-723C5C87F423}"
EndProject
Project("{F184B08F-C81C-45F6-A57F-5ABD9991F28F}") = "SevenSegmentControl", "SevenSegmentControl\SevenSegmentControl.vbproj", "{AB7BBD29-67EF-4FBA-B0A9-E34F7BBE6CDB}"
EndProject
Project("{F184B08F-C81C-45F6-A57F-5ABD9991F28F}") = "WizardControl", "WizardControl\WizardControl.vbproj", "{52F7D68A-FD09-4FA0-B389-F6C65FBDF3B5}"
EndProject
Project("{F184B08F-C81C-45F6-A57F-5ABD9991F28F}") = "DriveWatcherControl", "DriveWatcherControl\DriveWatcherControl.vbproj", "{3B44AEA3-0AA4-4E7B-AF58-3631FF2C4DB6}"
EndProject
Project("{F184B08F-C81C-45F6-A57F-5ABD9991F28F}") = "ExplorerTreeViewControl", "ExplorerTreeViewControl\ExplorerTreeViewControl.vbproj", "{801C2639-9BB1-44FE-899A-1A688378F5DC}"
EndProject
Project("{F184B08F-C81C-45F6-A57F-5ABD9991F28F}") = "SchlumpfSoftControlsDemo", "SchlumpfSoftControlsDemo\SchlumpfSoftControlsDemo.vbproj", "{49BCC191-3D02-4E35-A477-1CA81F1889AF}"
EndProject
Project("{2150E333-8FDC-42A3-9474-1A3956D46DE8}") = "Doc", "Doc", "{6F7BC048-0A70-B1BE-8A35-89890EA57E92}"
	ProjectSection(SolutionItems) = preProject
		Doc\AniGifControl.md = Doc\AniGifControl.md
		Doc\ColorProgressBarControl.md = Doc\ColorProgressBarControl.md
		Doc\DriveWatcherControl.md = Doc\DriveWatcherControl.md
		Doc\ExplorerTreeViewControl.md = Doc\ExplorerTreeViewControl.md
		Doc\IniFileControl.md = Doc\IniFileControl.md
		Doc\NotifyFormControl.md = Doc\NotifyFormControl.md
		Doc\SevenSegmentControl.md = Doc\SevenSegmentControl.md
		Doc\ShapeControl.md = Doc\ShapeControl.md
		Doc\TransparentLabelControl.md = Doc\TransparentLabelControl.md
		Doc\WizardControl.md = Doc\WizardControl.md
	EndProjectSection
EndProject
Project("{F184B08F-C81C-45F6-A57F-5ABD9991F28F}") = "IniFileControl", "IniFileControl\IniFileControl.vbproj", "{FB6F2B12-4169-4F5B-A4FF-3E6DEFC40D90}"
EndProject
Project("{F184B08F-C81C-45F6-A57F-5ABD9991F28F}") = "ExtendedRTFControl", "ExtendedRTFControl\ExtendedRTFControl.vbproj", "{BF014DA6-CD26-43E8-96C6-767679CE78B5}"
EndProject
Global
	GlobalSection(SolutionConfigurationPlatforms) = preSolution
		Debug|Any CPU = Debug|Any CPU
		Debug|arm64 = Debug|arm64
		Debug|x86 = Debug|x86
		Release|Any CPU = Release|Any CPU
		Release|arm64 = Release|arm64
		Release|x86 = Release|x86
	EndGlobalSection
	GlobalSection(ProjectConfigurationPlatforms) = postSolution
		{411C55DA-B346-4B5A-A28A-4E5B31F5B0BB}.Debug|Any CPU.ActiveCfg = Debug|Any CPU
		{411C55DA-B346-4B5A-A28A-4E5B31F5B0BB}.Debug|Any CPU.Build.0 = Debug|Any CPU
		{411C55DA-B346-4B5A-A28A-4E5B31F5B0BB}.Debug|arm64.ActiveCfg = Debug|Any CPU
		{411C55DA-B346-4B5A-A28A-4E5B31F5B0BB}.Debug|arm64.Build.0 = Debug|Any CPU
		{411C55DA-B346-4B5A-A28A-4E5B31F5B0BB}.Debug|x86.ActiveCfg = Debug|Any CPU
		{411C55DA-B346-4B5A-A28A-4E5B31F5B0BB}.Debug|x86.Build.0 = Debug|Any CPU
		{411C55DA-B346-4B5A-A28A-4E5B31F5B0BB}.Release|Any CPU.ActiveCfg = Release|Any CPU
		{411C55DA-B346-4B5A-A28A-4E5B31F5B0BB}.Release|Any CPU.Build.0 = Release|Any CPU
		{411C55DA-B346-4B5A-A28A-4E5B31F5B0BB}.Release|arm64.ActiveCfg = Release|Any CPU
		{411C55DA-B346-4B5A-A28A-4E5B31F5B0BB}.Release|arm64.Build.0 = Release|Any CPU
		{411C55DA-B346-4B5A-A28A-4E5B31F5B0BB}.Release|x86.ActiveCfg = Release|Any CPU
		{411C55DA-B346-4B5A-A28A-4E5B31F5B0BB}.Release|x86.Build.0 = Release|Any CPU
		{68BF9D38-6469-4FA7-877E-A2F9613BCBCA}.Debug|Any CPU.ActiveCfg = Debug|Any CPU
		{68BF9D38-6469-4FA7-877E-A2F9613BCBCA}.Debug|Any CPU.Build.0 = Debug|Any CPU
		{68BF9D38-6469-4FA7-877E-A2F9613BCBCA}.Debug|arm64.ActiveCfg = Debug|arm64
		{68BF9D38-6469-4FA7-877E-A2F9613BCBCA}.Debug|arm64.Build.0 = Debug|arm64
		{68BF9D38-6469-4FA7-877E-A2F9613BCBCA}.Debug|x86.ActiveCfg = Debug|x86
		{68BF9D38-6469-4FA7-877E-A2F9613BCBCA}.Debug|x86.Build.0 = Debug|x86
		{68BF9D38-6469-4FA7-877E-A2F9613BCBCA}.Release|Any CPU.ActiveCfg = Release|Any CPU
		{68BF9D38-6469-4FA7-877E-A2F9613BCBCA}.Release|Any CPU.Build.0 = Release|Any CPU
		{68BF9D38-6469-4FA7-877E-A2F9613BCBCA}.Release|arm64.ActiveCfg = Release|arm64
		{68BF9D38-6469-4FA7-877E-A2F9613BCBCA}.Release|arm64.Build.0 = Release|arm64
		{68BF9D38-6469-4FA7-877E-A2F9613BCBCA}.Release|x86.ActiveCfg = Release|x86
		{68BF9D38-6469-4FA7-877E-A2F9613BCBCA}.Release|x86.Build.0 = Release|x86
		{C01B317F-0814-49CD-8F6B-C44C3F952C5B}.Debug|Any CPU.ActiveCfg = Debug|Any CPU
		{C01B317F-0814-49CD-8F6B-C44C3F952C5B}.Debug|Any CPU.Build.0 = Debug|Any CPU
		{C01B317F-0814-49CD-8F6B-C44C3F952C5B}.Debug|arm64.ActiveCfg = Debug|arm64
		{C01B317F-0814-49CD-8F6B-C44C3F952C5B}.Debug|arm64.Build.0 = Debug|arm64
		{C01B317F-0814-49CD-8F6B-C44C3F952C5B}.Debug|x86.ActiveCfg = Debug|x86
		{C01B317F-0814-49CD-8F6B-C44C3F952C5B}.Debug|x86.Build.0 = Debug|x86
		{C01B317F-0814-49CD-8F6B-C44C3F952C5B}.Release|Any CPU.ActiveCfg = Release|Any CPU
		{C01B317F-0814-49CD-8F6B-C44C3F952C5B}.Release|Any CPU.Build.0 = Release|Any CPU
		{C01B317F-0814-49CD-8F6B-C44C3F952C5B}.Release|arm64.ActiveCfg = Release|arm64
		{C01B317F-0814-49CD-8F6B-C44C3F952C5B}.Release|arm64.Build.0 = Release|arm64
		{C01B317F-0814-49CD-8F6B-C44C3F952C5B}.Release|x86.ActiveCfg = Release|x86
		{C01B317F-0814-49CD-8F6B-C44C3F952C5B}.Release|x86.Build.0 = Release|x86
		{7B106F43-970A-4750-B639-DD65A3E43126}.Debug|Any CPU.ActiveCfg = Debug|Any CPU
		{7B106F43-970A-4750-B639-DD65A3E43126}.Debug|Any CPU.Build.0 = Debug|Any CPU
		{7B106F43-970A-4750-B639-DD65A3E43126}.Debug|arm64.ActiveCfg = Debug|arm64
		{7B106F43-970A-4750-B639-DD65A3E43126}.Debug|arm64.Build.0 = Debug|arm64
		{7B106F43-970A-4750-B639-DD65A3E43126}.Debug|x86.ActiveCfg = Debug|x86
		{7B106F43-970A-4750-B639-DD65A3E43126}.Debug|x86.Build.0 = Debug|x86
		{7B106F43-970A-4750-B639-DD65A3E43126}.Release|Any CPU.ActiveCfg = Release|Any CPU
		{7B106F43-970A-4750-B639-DD65A3E43126}.Release|Any CPU.Build.0 = Release|Any CPU
		{7B106F43-970A-4750-B639-DD65A3E43126}.Release|arm64.ActiveCfg = Release|arm64
		{7B106F43-970A-4750-B639-DD65A3E43126}.Release|arm64.Build.0 = Release|arm64
		{7B106F43-970A-4750-B639-DD65A3E43126}.Release|x86.ActiveCfg = Release|x86
		{7B106F43-970A-4750-B639-DD65A3E43126}.Release|x86.Build.0 = Release|x86
		{229F0D45-6F1B-4705-A176-57D897504A34}.Debug|Any CPU.ActiveCfg = Debug|Any CPU
		{229F0D45-6F1B-4705-A176-57D897504A34}.Debug|Any CPU.Build.0 = Debug|Any CPU
		{229F0D45-6F1B-4705-A176-57D897504A34}.Debug|arm64.ActiveCfg = Debug|arm64
		{229F0D45-6F1B-4705-A176-57D897504A34}.Debug|arm64.Build.0 = Debug|arm64
		{229F0D45-6F1B-4705-A176-57D897504A34}.Debug|x86.ActiveCfg = Debug|x86
		{229F0D45-6F1B-4705-A176-57D897504A34}.Debug|x86.Build.0 = Debug|x86
		{229F0D45-6F1B-4705-A176-57D897504A34}.Release|Any CPU.ActiveCfg = Release|Any CPU
		{229F0D45-6F1B-4705-A176-57D897504A34}.Release|Any CPU.Build.0 = Release|Any CPU
		{229F0D45-6F1B-4705-A176-57D897504A34}.Release|arm64.ActiveCfg = Release|arm64
		{229F0D45-6F1B-4705-A176-57D897504A34}.Release|arm64.Build.0 = Release|arm64
		{229F0D45-6F1B-4705-A176-57D897504A34}.Release|x86.ActiveCfg = Release|x86
		{229F0D45-6F1B-4705-A176-57D897504A34}.Release|x86.Build.0 = Release|x86
		{0AE93122-642B-4C42-B705-1A0B2B277B49}.Debug|Any CPU.ActiveCfg = Debug|Any CPU
		{0AE93122-642B-4C42-B705-1A0B2B277B49}.Debug|Any CPU.Build.0 = Debug|Any CPU
		{0AE93122-642B-4C42-B705-1A0B2B277B49}.Debug|arm64.ActiveCfg = Debug|arm64
		{0AE93122-642B-4C42-B705-1A0B2B277B49}.Debug|arm64.Build.0 = Debug|arm64
		{0AE93122-642B-4C42-B705-1A0B2B277B49}.Debug|x86.ActiveCfg = Debug|x86
		{0AE93122-642B-4C42-B705-1A0B2B277B49}.Debug|x86.Build.0 = Debug|x86
		{0AE93122-642B-4C42-B705-1A0B2B277B49}.Release|Any CPU.ActiveCfg = Release|Any CPU
		{0AE93122-642B-4C42-B705-1A0B2B277B49}.Release|Any CPU.Build.0 = Release|Any CPU
		{0AE93122-642B-4C42-B705-1A0B2B277B49}.Release|arm64.ActiveCfg = Release|arm64
		{0AE93122-642B-4C42-B705-1A0B2B277B49}.Release|arm64.Build.0 = Release|arm64
		{0AE93122-642B-4C42-B705-1A0B2B277B49}.Release|x86.ActiveCfg = Release|x86
		{0AE93122-642B-4C42-B705-1A0B2B277B49}.Release|x86.Build.0 = Release|x86
		{D71DDA22-EBEE-4B4D-A0D5-723C5C87F423}.Debug|Any CPU.ActiveCfg = Debug|Any CPU
		{D71DDA22-EBEE-4B4D-A0D5-723C5C87F423}.Debug|Any CPU.Build.0 = Debug|Any CPU
		{D71DDA22-EBEE-4B4D-A0D5-723C5C87F423}.Debug|arm64.ActiveCfg = Debug|arm64
		{D71DDA22-EBEE-4B4D-A0D5-723C5C87F423}.Debug|arm64.Build.0 = Debug|arm64
		{D71DDA22-EBEE-4B4D-A0D5-723C5C87F423}.Debug|x86.ActiveCfg = Debug|x86
		{D71DDA22-EBEE-4B4D-A0D5-723C5C87F423}.Debug|x86.Build.0 = Debug|x86
		{D71DDA22-EBEE-4B4D-A0D5-723C5C87F423}.Release|Any CPU.ActiveCfg = Release|Any CPU
		{D71DDA22-EBEE-4B4D-A0D5-723C5C87F423}.Release|Any CPU.Build.0 = Release|Any CPU
		{D71DDA22-EBEE-4B4D-A0D5-723C5C87F423}.Release|arm64.ActiveCfg = Release|arm64
		{D71DDA22-EBEE-4B4D-A0D5-723C5C87F423}.Release|arm64.Build.0 = Release|arm64
		{D71DDA22-EBEE-4B4D-A0D5-723C5C87F423}.Release|x86.ActiveCfg = Release|x86
		{D71DDA22-EBEE-4B4D-A0D5-723C5C87F423}.Release|x86.Build.0 = Release|x86
		{AB7BBD29-67EF-4FBA-B0A9-E34F7BBE6CDB}.Debug|Any CPU.ActiveCfg = Debug|Any CPU
		{AB7BBD29-67EF-4FBA-B0A9-E34F7BBE6CDB}.Debug|Any CPU.Build.0 = Debug|Any CPU
		{AB7BBD29-67EF-4FBA-B0A9-E34F7BBE6CDB}.Debug|arm64.ActiveCfg = Debug|arm64
		{AB7BBD29-67EF-4FBA-B0A9-E34F7BBE6CDB}.Debug|arm64.Build.0 = Debug|arm64
		{AB7BBD29-67EF-4FBA-B0A9-E34F7BBE6CDB}.Debug|x86.ActiveCfg = Debug|x86
		{AB7BBD29-67EF-4FBA-B0A9-E34F7BBE6CDB}.Debug|x86.Build.0 = Debug|x86
		{AB7BBD29-67EF-4FBA-B0A9-E34F7BBE6CDB}.Release|Any CPU.ActiveCfg = Release|Any CPU
		{AB7BBD29-67EF-4FBA-B0A9-E34F7BBE6CDB}.Release|Any CPU.Build.0 = Release|Any CPU
		{AB7BBD29-67EF-4FBA-B0A9-E34F7BBE6CDB}.Release|arm64.ActiveCfg = Release|arm64
		{AB7BBD29-67EF-4FBA-B0A9-E34F7BBE6CDB}.Release|arm64.Build.0 = Release|arm64
		{AB7BBD29-67EF-4FBA-B0A9-E34F7BBE6CDB}.Release|x86.ActiveCfg = Release|x86
		{AB7BBD29-67EF-4FBA-B0A9-E34F7BBE6CDB}.Release|x86.Build.0 = Release|x86
		{52F7D68A-FD09-4FA0-B389-F6C65FBDF3B5}.Debug|Any CPU.ActiveCfg = Debug|Any CPU
		{52F7D68A-FD09-4FA0-B389-F6C65FBDF3B5}.Debug|Any CPU.Build.0 = Debug|Any CPU
		{52F7D68A-FD09-4FA0-B389-F6C65FBDF3B5}.Debug|arm64.ActiveCfg = Debug|arm64
		{52F7D68A-FD09-4FA0-B389-F6C65FBDF3B5}.Debug|arm64.Build.0 = Debug|arm64
		{52F7D68A-FD09-4FA0-B389-F6C65FBDF3B5}.Debug|x86.ActiveCfg = Debug|x86
		{52F7D68A-FD09-4FA0-B389-F6C65FBDF3B5}.Debug|x86.Build.0 = Debug|x86
		{52F7D68A-FD09-4FA0-B389-F6C65FBDF3B5}.Release|Any CPU.ActiveCfg = Release|Any CPU
		{52F7D68A-FD09-4FA0-B389-F6C65FBDF3B5}.Release|Any CPU.Build.0 = Release|Any CPU
		{52F7D68A-FD09-4FA0-B389-F6C65FBDF3B5}.Release|arm64.ActiveCfg = Release|arm64
		{52F7D68A-FD09-4FA0-B389-F6C65FBDF3B5}.Release|arm64.Build.0 = Release|arm64
		{52F7D68A-FD09-4FA0-B389-F6C65FBDF3B5}.Release|x86.ActiveCfg = Release|x86
		{52F7D68A-FD09-4FA0-B389-F6C65FBDF3B5}.Release|x86.Build.0 = Release|x86
		{3B44AEA3-0AA4-4E7B-AF58-3631FF2C4DB6}.Debug|Any CPU.ActiveCfg = Debug|Any CPU
		{3B44AEA3-0AA4-4E7B-AF58-3631FF2C4DB6}.Debug|Any CPU.Build.0 = Debug|Any CPU
		{3B44AEA3-0AA4-4E7B-AF58-3631FF2C4DB6}.Debug|arm64.ActiveCfg = Debug|arm64
		{3B44AEA3-0AA4-4E7B-AF58-3631FF2C4DB6}.Debug|arm64.Build.0 = Debug|arm64
		{3B44AEA3-0AA4-4E7B-AF58-3631FF2C4DB6}.Debug|x86.ActiveCfg = Debug|x86
		{3B44AEA3-0AA4-4E7B-AF58-3631FF2C4DB6}.Debug|x86.Build.0 = Debug|x86
		{3B44AEA3-0AA4-4E7B-AF58-3631FF2C4DB6}.Release|Any CPU.ActiveCfg = Release|Any CPU
		{3B44AEA3-0AA4-4E7B-AF58-3631FF2C4DB6}.Release|Any CPU.Build.0 = Release|Any CPU
		{3B44AEA3-0AA4-4E7B-AF58-3631FF2C4DB6}.Release|arm64.ActiveCfg = Release|arm64
		{3B44AEA3-0AA4-4E7B-AF58-3631FF2C4DB6}.Release|arm64.Build.0 = Release|arm64
		{3B44AEA3-0AA4-4E7B-AF58-3631FF2C4DB6}.Release|x86.ActiveCfg = Release|x86
		{3B44AEA3-0AA4-4E7B-AF58-3631FF2C4DB6}.Release|x86.Build.0 = Release|x86
		{801C2639-9BB1-44FE-899A-1A688378F5DC}.Debug|Any CPU.ActiveCfg = Debug|Any CPU
		{801C2639-9BB1-44FE-899A-1A688378F5DC}.Debug|Any CPU.Build.0 = Debug|Any CPU
		{801C2639-9BB1-44FE-899A-1A688378F5DC}.Debug|arm64.ActiveCfg = Debug|arm64
		{801C2639-9BB1-44FE-899A-1A688378F5DC}.Debug|arm64.Build.0 = Debug|arm64
		{801C2639-9BB1-44FE-899A-1A688378F5DC}.Debug|x86.ActiveCfg = Debug|x86
		{801C2639-9BB1-44FE-899A-1A688378F5DC}.Debug|x86.Build.0 = Debug|x86
		{801C2639-9BB1-44FE-899A-1A688378F5DC}.Release|Any CPU.ActiveCfg = Release|Any CPU
		{801C2639-9BB1-44FE-899A-1A688378F5DC}.Release|Any CPU.Build.0 = Release|Any CPU
		{801C2639-9BB1-44FE-899A-1A688378F5DC}.Release|arm64.ActiveCfg = Release|arm64
		{801C2639-9BB1-44FE-899A-1A688378F5DC}.Release|arm64.Build.0 = Release|arm64
		{801C2639-9BB1-44FE-899A-1A688378F5DC}.Release|x86.ActiveCfg = Release|x86
		{801C2639-9BB1-44FE-899A-1A688378F5DC}.Release|x86.Build.0 = Release|x86
		{49BCC191-3D02-4E35-A477-1CA81F1889AF}.Debug|Any CPU.ActiveCfg = Debug|Any CPU
		{49BCC191-3D02-4E35-A477-1CA81F1889AF}.Debug|Any CPU.Build.0 = Debug|Any CPU
		{49BCC191-3D02-4E35-A477-1CA81F1889AF}.Debug|arm64.ActiveCfg = Debug|Any CPU
		{49BCC191-3D02-4E35-A477-1CA81F1889AF}.Debug|arm64.Build.0 = Debug|Any CPU
		{49BCC191-3D02-4E35-A477-1CA81F1889AF}.Debug|x86.ActiveCfg = Debug|Any CPU
		{49BCC191-3D02-4E35-A477-1CA81F1889AF}.Debug|x86.Build.0 = Debug|Any CPU
		{49BCC191-3D02-4E35-A477-1CA81F1889AF}.Release|Any CPU.ActiveCfg = Release|Any CPU
		{49BCC191-3D02-4E35-A477-1CA81F1889AF}.Release|Any CPU.Build.0 = Release|Any CPU
		{49BCC191-3D02-4E35-A477-1CA81F1889AF}.Release|arm64.ActiveCfg = Release|Any CPU
		{49BCC191-3D02-4E35-A477-1CA81F1889AF}.Release|arm64.Build.0 = Release|Any CPU
		{49BCC191-3D02-4E35-A477-1CA81F1889AF}.Release|x86.ActiveCfg = Release|Any CPU
		{49BCC191-3D02-4E35-A477-1CA81F1889AF}.Release|x86.Build.0 = Release|Any CPU
		{FB6F2B12-4169-4F5B-A4FF-3E6DEFC40D90}.Debug|Any CPU.ActiveCfg = Debug|Any CPU
		{FB6F2B12-4169-4F5B-A4FF-3E6DEFC40D90}.Debug|Any CPU.Build.0 = Debug|Any CPU
		{FB6F2B12-4169-4F5B-A4FF-3E6DEFC40D90}.Debug|arm64.ActiveCfg = Debug|arm64
		{FB6F2B12-4169-4F5B-A4FF-3E6DEFC40D90}.Debug|arm64.Build.0 = Debug|arm64
		{FB6F2B12-4169-4F5B-A4FF-3E6DEFC40D90}.Debug|x86.ActiveCfg = Debug|x86
		{FB6F2B12-4169-4F5B-A4FF-3E6DEFC40D90}.Debug|x86.Build.0 = Debug|x86
		{FB6F2B12-4169-4F5B-A4FF-3E6DEFC40D90}.Release|Any CPU.ActiveCfg = Release|Any CPU
		{FB6F2B12-4169-4F5B-A4FF-3E6DEFC40D90}.Release|Any CPU.Build.0 = Release|Any CPU
		{FB6F2B12-4169-4F5B-A4FF-3E6DEFC40D90}.Release|arm64.ActiveCfg = Release|arm64
		{FB6F2B12-4169-4F5B-A4FF-3E6DEFC40D90}.Release|arm64.Build.0 = Release|arm64
		{FB6F2B12-4169-4F5B-A4FF-3E6DEFC40D90}.Release|x86.ActiveCfg = Release|x86
		{FB6F2B12-4169-4F5B-A4FF-3E6DEFC40D90}.Release|x86.Build.0 = Release|x86
		{BF014DA6-CD26-43E8-96C6-767679CE78B5}.Debug|Any CPU.ActiveCfg = Debug|Any CPU
		{BF014DA6-CD26-43E8-96C6-767679CE78B5}.Debug|Any CPU.Build.0 = Debug|Any CPU
		{BF014DA6-CD26-43E8-96C6-767679CE78B5}.Debug|arm64.ActiveCfg = Debug|arm64
		{BF014DA6-CD26-43E8-96C6-767679CE78B5}.Debug|arm64.Build.0 = Debug|arm64
		{BF014DA6-CD26-43E8-96C6-767679CE78B5}.Debug|x86.ActiveCfg = Debug|x86
		{BF014DA6-CD26-43E8-96C6-767679CE78B5}.Debug|x86.Build.0 = Debug|x86
		{BF014DA6-CD26-43E8-96C6-767679CE78B5}.Release|Any CPU.ActiveCfg = Release|Any CPU
		{BF014DA6-CD26-43E8-96C6-767679CE78B5}.Release|Any CPU.Build.0 = Release|Any CPU
		{BF014DA6-CD26-43E8-96C6-767679CE78B5}.Release|arm64.ActiveCfg = Release|arm64
		{BF014DA6-CD26-43E8-96C6-767679CE78B5}.Release|arm64.Build.0 = Release|arm64
		{BF014DA6-CD26-43E8-96C6-767679CE78B5}.Release|x86.ActiveCfg = Release|x86
		{BF014DA6-CD26-43E8-96C6-767679CE78B5}.Release|x86.Build.0 = Release|x86
	EndGlobalSection
	GlobalSection(SolutionProperties) = preSolution
		HideSolutionNode = FALSE
	EndGlobalSection
	GlobalSection(ExtensibilityGlobals) = postSolution
		SolutionGuid = {4A0009E2-8CCC-4CE0-9A21-FC913C821901}
	EndGlobalSection
EndGlobal
